
Microsoft Visual Studio Solution File, Format Version 12.00
# Visual Studio 15
VisualStudioVersion = 15.0.27130.2020
MinimumVisualStudioVersion = 10.0.40219.1
Project("{FAE04EC0-301F-11D3-BF4B-00C04F79EFBC}") = "01. Sino The Walker", "01. Sino The Walker\01. Sino The Walker.csproj", "{BB1D6892-FBA4-42AC-A261-6857188FA074}"
EndProject
Project("{FAE04EC0-301F-11D3-BF4B-00C04F79EFBC}") = "02. SoftUni Karaoke", "02. SoftUni Karaoke\02. SoftUni Karaoke.csproj", "{B72CBF07-6235-4B88-8D9F-D1990B3BBE86}"
EndProject
Project("{FAE04EC0-301F-11D3-BF4B-00C04F79EFBC}") = "03. Endurance Rally", "03. Endurance Rally\03. Endurance Rally.csproj", "{19015154-9FC1-4209-87A6-33E78F49BCAD}"
EndProject
Project("{FAE04EC0-301F-11D3-BF4B-00C04F79EFBC}") = "04. Winning Ticket", "04. Winning Ticket\04. Winning Ticket.csproj", "{FB71AFF4-A9E9-440A-AC8C-FD70C2302D93}"
EndProject
Global
	GlobalSection(SolutionConfigurationPlatforms) = preSolution
		Debug|Any CPU = Debug|Any CPU
		Release|Any CPU = Release|Any CPU
	EndGlobalSection
	GlobalSection(ProjectConfigurationPlatforms) = postSolution
		{BB1D6892-FBA4-42AC-A261-6857188FA074}.Debug|Any CPU.ActiveCfg = Debug|Any CPU
		{BB1D6892-FBA4-42AC-A261-6857188FA074}.Debug|Any CPU.Build.0 = Debug|Any CPU
		{BB1D6892-FBA4-42AC-A261-6857188FA074}.Release|Any CPU.ActiveCfg = Release|Any CPU
		{BB1D6892-FBA4-42AC-A261-6857188FA074}.Release|Any CPU.Build.0 = Release|Any CPU
		{B72CBF07-6235-4B88-8D9F-D1990B3BBE86}.Debug|Any CPU.ActiveCfg = Debug|Any CPU
		{B72CBF07-6235-4B88-8D9F-D1990B3BBE86}.Debug|Any CPU.Build.0 = Debug|Any CPU
		{B72CBF07-6235-4B88-8D9F-D1990B3BBE86}.Release|Any CPU.ActiveCfg = Release|Any CPU
		{B72CBF07-6235-4B88-8D9F-D1990B3BBE86}.Release|Any CPU.Build.0 = Release|Any CPU
		{19015154-9FC1-4209-87A6-33E78F49BCAD}.Debug|Any CPU.ActiveCfg = Debug|Any CPU
		{19015154-9FC1-4209-87A6-33E78F49BCAD}.Debug|Any CPU.Build.0 = Debug|Any CPU
		{19015154-9FC1-4209-87A6-33E78F49BCAD}.Release|Any CPU.ActiveCfg = Release|Any CPU
		{19015154-9FC1-4209-87A6-33E78F49BCAD}.Release|Any CPU.Build.0 = Release|Any CPU
		{FB71AFF4-A9E9-440A-AC8C-FD70C2302D93}.Debug|Any CPU.ActiveCfg = Debug|Any CPU
		{FB71AFF4-A9E9-440A-AC8C-FD70C2302D93}.Debug|Any CPU.Build.0 = Debug|Any CPU
		{FB71AFF4-A9E9-440A-AC8C-FD70C2302D93}.Release|Any CPU.ActiveCfg = Release|Any CPU
		{FB71AFF4-A9E9-440A-AC8C-FD70C2302D93}.Release|Any CPU.Build.0 = Release|Any CPU
	EndGlobalSection
	GlobalSection(SolutionProperties) = preSolution
		HideSolutionNode = FALSE
	EndGlobalSection
	GlobalSection(ExtensibilityGlobals) = postSolution
		SolutionGuid = {7580645D-E59B-4933-B5E5-5539991DE3C4}
	EndGlobalSection
EndGlobal
