
Microsoft Visual Studio Solution File, Format Version 12.00
# Visual Studio 15
VisualStudioVersion = 15.0.27130.2020
MinimumVisualStudioVersion = 10.0.40219.1
Project("{9A19103F-16F7-4668-BE54-9A1E7A4F7556}") = "01.Remove El at Odd Pos", "01.Remove El at Odd Pos\01.Remove El at Odd Pos.csproj", "{1D04257F-8365-468C-BC6B-0ABBE8F8D02E}"
EndProject
Project("{9A19103F-16F7-4668-BE54-9A1E7A4F7556}") = "02. Track Downloader", "02. Track Downloader\02. Track Downloader.csproj", "{0BECD095-B0BD-48F0-BE56-290E6B5FEB79}"
EndProject
Project("{FAE04EC0-301F-11D3-BF4B-00C04F79EFBC}") = "03. Equal Sum After Extraction", "03. Equal Sum After Extraction\03. Equal Sum After Extraction.csproj", "{2C4FF3FD-76B6-4036-89BC-2E821A92882A}"
EndProject
Project("{FAE04EC0-301F-11D3-BF4B-00C04F79EFBC}") = "04. Flip List Sides", "04. Flip List Sides\04. Flip List Sides.csproj", "{B7D52D69-8E4B-4C72-94E5-59104891F98A}"
EndProject
Project("{FAE04EC0-301F-11D3-BF4B-00C04F79EFBC}") = "05. Tear List in Half", "05. Tear List in Half\05. Tear List in Half.csproj", "{FF129879-628E-4C19-AC94-BAD9CC07758A}"
EndProject
Project("{FAE04EC0-301F-11D3-BF4B-00C04F79EFBC}") = "06.  Stuck Zipper", "06.  Stuck Zipper\06.  Stuck Zipper.csproj", "{777412D7-A98E-41E5-8306-EFFBEA689532}"
EndProject
Global
	GlobalSection(SolutionConfigurationPlatforms) = preSolution
		Debug|Any CPU = Debug|Any CPU
		Release|Any CPU = Release|Any CPU
	EndGlobalSection
	GlobalSection(ProjectConfigurationPlatforms) = postSolution
		{1D04257F-8365-468C-BC6B-0ABBE8F8D02E}.Debug|Any CPU.ActiveCfg = Debug|Any CPU
		{1D04257F-8365-468C-BC6B-0ABBE8F8D02E}.Debug|Any CPU.Build.0 = Debug|Any CPU
		{1D04257F-8365-468C-BC6B-0ABBE8F8D02E}.Release|Any CPU.ActiveCfg = Release|Any CPU
		{1D04257F-8365-468C-BC6B-0ABBE8F8D02E}.Release|Any CPU.Build.0 = Release|Any CPU
		{0BECD095-B0BD-48F0-BE56-290E6B5FEB79}.Debug|Any CPU.ActiveCfg = Debug|Any CPU
		{0BECD095-B0BD-48F0-BE56-290E6B5FEB79}.Debug|Any CPU.Build.0 = Debug|Any CPU
		{0BECD095-B0BD-48F0-BE56-290E6B5FEB79}.Release|Any CPU.ActiveCfg = Release|Any CPU
		{0BECD095-B0BD-48F0-BE56-290E6B5FEB79}.Release|Any CPU.Build.0 = Release|Any CPU
		{2C4FF3FD-76B6-4036-89BC-2E821A92882A}.Debug|Any CPU.ActiveCfg = Debug|Any CPU
		{2C4FF3FD-76B6-4036-89BC-2E821A92882A}.Debug|Any CPU.Build.0 = Debug|Any CPU
		{2C4FF3FD-76B6-4036-89BC-2E821A92882A}.Release|Any CPU.ActiveCfg = Release|Any CPU
		{2C4FF3FD-76B6-4036-89BC-2E821A92882A}.Release|Any CPU.Build.0 = Release|Any CPU
		{B7D52D69-8E4B-4C72-94E5-59104891F98A}.Debug|Any CPU.ActiveCfg = Debug|Any CPU
		{B7D52D69-8E4B-4C72-94E5-59104891F98A}.Debug|Any CPU.Build.0 = Debug|Any CPU
		{B7D52D69-8E4B-4C72-94E5-59104891F98A}.Release|Any CPU.ActiveCfg = Release|Any CPU
		{B7D52D69-8E4B-4C72-94E5-59104891F98A}.Release|Any CPU.Build.0 = Release|Any CPU
		{FF129879-628E-4C19-AC94-BAD9CC07758A}.Debug|Any CPU.ActiveCfg = Debug|Any CPU
		{FF129879-628E-4C19-AC94-BAD9CC07758A}.Debug|Any CPU.Build.0 = Debug|Any CPU
		{FF129879-628E-4C19-AC94-BAD9CC07758A}.Release|Any CPU.ActiveCfg = Release|Any CPU
		{FF129879-628E-4C19-AC94-BAD9CC07758A}.Release|Any CPU.Build.0 = Release|Any CPU
		{777412D7-A98E-41E5-8306-EFFBEA689532}.Debug|Any CPU.ActiveCfg = Debug|Any CPU
		{777412D7-A98E-41E5-8306-EFFBEA689532}.Debug|Any CPU.Build.0 = Debug|Any CPU
		{777412D7-A98E-41E5-8306-EFFBEA689532}.Release|Any CPU.ActiveCfg = Release|Any CPU
		{777412D7-A98E-41E5-8306-EFFBEA689532}.Release|Any CPU.Build.0 = Release|Any CPU
	EndGlobalSection
	GlobalSection(SolutionProperties) = preSolution
		HideSolutionNode = FALSE
	EndGlobalSection
	GlobalSection(ExtensibilityGlobals) = postSolution
		SolutionGuid = {D076456B-654C-4EFF-A0E4-EEA6C437633B}
	EndGlobalSection
EndGlobal
