
Microsoft Visual Studio Solution File, Format Version 12.00
# Visual Studio 15
VisualStudioVersion = 15.0.27130.2020
MinimumVisualStudioVersion = 10.0.40219.1
Project("{9A19103F-16F7-4668-BE54-9A1E7A4F7556}") = "01. Register Users", "01. Register Users\01. Register Users.csproj", "{CAC93DAC-50B9-4E19-A6D6-8A63B15C2FE5}"
EndProject
Project("{FAE04EC0-301F-11D3-BF4B-00C04F79EFBC}") = "02. Default Values", "02. Default Values\02. Default Values.csproj", "{AD793BEF-C83F-4B92-BE09-27EA0F400EDB}"
EndProject
Project("{FAE04EC0-301F-11D3-BF4B-00C04F79EFBC}") = "03. Shopping Spree", "03. Shopping Spree\03. Shopping Spree.csproj", "{CC59F912-5ADC-4513-847E-82B835C389C9}"
EndProject
Project("{FAE04EC0-301F-11D3-BF4B-00C04F79EFBC}") = "04. SoftUni Beer Pong", "04. SoftUni Beer Pong\04. SoftUni Beer Pong.csproj", "{945F52A9-F717-4736-B6FA-CBD8D0109699}"
EndProject
Project("{FAE04EC0-301F-11D3-BF4B-00C04F79EFBC}") = "05. Flatten Dictionary", "05. Flatten Dictionary\05. Flatten Dictionary.csproj", "{51C6689F-C3F7-4E3F-B098-E52273C7EFAF}"
EndProject
Global
	GlobalSection(SolutionConfigurationPlatforms) = preSolution
		Debug|Any CPU = Debug|Any CPU
		Release|Any CPU = Release|Any CPU
	EndGlobalSection
	GlobalSection(ProjectConfigurationPlatforms) = postSolution
		{CAC93DAC-50B9-4E19-A6D6-8A63B15C2FE5}.Debug|Any CPU.ActiveCfg = Debug|Any CPU
		{CAC93DAC-50B9-4E19-A6D6-8A63B15C2FE5}.Debug|Any CPU.Build.0 = Debug|Any CPU
		{CAC93DAC-50B9-4E19-A6D6-8A63B15C2FE5}.Release|Any CPU.ActiveCfg = Release|Any CPU
		{CAC93DAC-50B9-4E19-A6D6-8A63B15C2FE5}.Release|Any CPU.Build.0 = Release|Any CPU
		{AD793BEF-C83F-4B92-BE09-27EA0F400EDB}.Debug|Any CPU.ActiveCfg = Debug|Any CPU
		{AD793BEF-C83F-4B92-BE09-27EA0F400EDB}.Debug|Any CPU.Build.0 = Debug|Any CPU
		{AD793BEF-C83F-4B92-BE09-27EA0F400EDB}.Release|Any CPU.ActiveCfg = Release|Any CPU
		{AD793BEF-C83F-4B92-BE09-27EA0F400EDB}.Release|Any CPU.Build.0 = Release|Any CPU
		{CC59F912-5ADC-4513-847E-82B835C389C9}.Debug|Any CPU.ActiveCfg = Debug|Any CPU
		{CC59F912-5ADC-4513-847E-82B835C389C9}.Debug|Any CPU.Build.0 = Debug|Any CPU
		{CC59F912-5ADC-4513-847E-82B835C389C9}.Release|Any CPU.ActiveCfg = Release|Any CPU
		{CC59F912-5ADC-4513-847E-82B835C389C9}.Release|Any CPU.Build.0 = Release|Any CPU
		{945F52A9-F717-4736-B6FA-CBD8D0109699}.Debug|Any CPU.ActiveCfg = Debug|Any CPU
		{945F52A9-F717-4736-B6FA-CBD8D0109699}.Debug|Any CPU.Build.0 = Debug|Any CPU
		{945F52A9-F717-4736-B6FA-CBD8D0109699}.Release|Any CPU.ActiveCfg = Release|Any CPU
		{945F52A9-F717-4736-B6FA-CBD8D0109699}.Release|Any CPU.Build.0 = Release|Any CPU
		{51C6689F-C3F7-4E3F-B098-E52273C7EFAF}.Debug|Any CPU.ActiveCfg = Debug|Any CPU
		{51C6689F-C3F7-4E3F-B098-E52273C7EFAF}.Debug|Any CPU.Build.0 = Debug|Any CPU
		{51C6689F-C3F7-4E3F-B098-E52273C7EFAF}.Release|Any CPU.ActiveCfg = Release|Any CPU
		{51C6689F-C3F7-4E3F-B098-E52273C7EFAF}.Release|Any CPU.Build.0 = Release|Any CPU
	EndGlobalSection
	GlobalSection(SolutionProperties) = preSolution
		HideSolutionNode = FALSE
	EndGlobalSection
	GlobalSection(ExtensibilityGlobals) = postSolution
		SolutionGuid = {5601B701-855D-4F7D-919A-C49AB52E875B}
	EndGlobalSection
EndGlobal
