
Microsoft Visual Studio Solution File, Format Version 12.00
# Visual Studio 15
VisualStudioVersion = 15.0.27130.2020
MinimumVisualStudioVersion = 10.0.40219.1
Project("{FAE04EC0-301F-11D3-BF4B-00C04F79EFBC}") = "01. Distinct List", "01. Distinct List\01. Distinct List.csproj", "{A66709AB-F5DE-4296-9EF7-6ECC77380E3A}"
EndProject
Project("{FAE04EC0-301F-11D3-BF4B-00C04F79EFBC}") = "02. Integer Insertion", "02. Integer Insertion\02. Integer Insertion.csproj", "{7ADE88EC-E7FF-4E26-AAF2-B6D6A07F44D4}"
EndProject
Project("{FAE04EC0-301F-11D3-BF4B-00C04F79EFBC}") = "03. Camels Back", "03. Camels Back\03. Camels Back.csproj", "{B2D935CC-4BD4-4D19-98E1-B75751FF8538}"
EndProject
Project("{FAE04EC0-301F-11D3-BF4B-00C04F79EFBC}") = "04. Ununion Lists", "04. Ununion Lists\04. Ununion Lists.csproj", "{DD2A65FF-364E-4004-8052-1D6B2831DFD3}"
EndProject
Project("{FAE04EC0-301F-11D3-BF4B-00C04F79EFBC}") = "05. Note Statistics", "05. Note Statistics\05. Note Statistics.csproj", "{276AE30B-2747-40BA-828D-61142BB5FB0B}"
EndProject
Project("{FAE04EC0-301F-11D3-BF4B-00C04F79EFBC}") = "06. Winecraft", "06. Winecraft\06. Winecraft.csproj", "{97C5291A-FD0B-4182-BA68-4FC405B49DEE}"
EndProject
Global
	GlobalSection(SolutionConfigurationPlatforms) = preSolution
		Debug|Any CPU = Debug|Any CPU
		Release|Any CPU = Release|Any CPU
	EndGlobalSection
	GlobalSection(ProjectConfigurationPlatforms) = postSolution
		{A66709AB-F5DE-4296-9EF7-6ECC77380E3A}.Debug|Any CPU.ActiveCfg = Debug|Any CPU
		{A66709AB-F5DE-4296-9EF7-6ECC77380E3A}.Debug|Any CPU.Build.0 = Debug|Any CPU
		{A66709AB-F5DE-4296-9EF7-6ECC77380E3A}.Release|Any CPU.ActiveCfg = Release|Any CPU
		{A66709AB-F5DE-4296-9EF7-6ECC77380E3A}.Release|Any CPU.Build.0 = Release|Any CPU
		{7ADE88EC-E7FF-4E26-AAF2-B6D6A07F44D4}.Debug|Any CPU.ActiveCfg = Debug|Any CPU
		{7ADE88EC-E7FF-4E26-AAF2-B6D6A07F44D4}.Debug|Any CPU.Build.0 = Debug|Any CPU
		{7ADE88EC-E7FF-4E26-AAF2-B6D6A07F44D4}.Release|Any CPU.ActiveCfg = Release|Any CPU
		{7ADE88EC-E7FF-4E26-AAF2-B6D6A07F44D4}.Release|Any CPU.Build.0 = Release|Any CPU
		{B2D935CC-4BD4-4D19-98E1-B75751FF8538}.Debug|Any CPU.ActiveCfg = Debug|Any CPU
		{B2D935CC-4BD4-4D19-98E1-B75751FF8538}.Debug|Any CPU.Build.0 = Debug|Any CPU
		{B2D935CC-4BD4-4D19-98E1-B75751FF8538}.Release|Any CPU.ActiveCfg = Release|Any CPU
		{B2D935CC-4BD4-4D19-98E1-B75751FF8538}.Release|Any CPU.Build.0 = Release|Any CPU
		{DD2A65FF-364E-4004-8052-1D6B2831DFD3}.Debug|Any CPU.ActiveCfg = Debug|Any CPU
		{DD2A65FF-364E-4004-8052-1D6B2831DFD3}.Debug|Any CPU.Build.0 = Debug|Any CPU
		{DD2A65FF-364E-4004-8052-1D6B2831DFD3}.Release|Any CPU.ActiveCfg = Release|Any CPU
		{DD2A65FF-364E-4004-8052-1D6B2831DFD3}.Release|Any CPU.Build.0 = Release|Any CPU
		{276AE30B-2747-40BA-828D-61142BB5FB0B}.Debug|Any CPU.ActiveCfg = Debug|Any CPU
		{276AE30B-2747-40BA-828D-61142BB5FB0B}.Debug|Any CPU.Build.0 = Debug|Any CPU
		{276AE30B-2747-40BA-828D-61142BB5FB0B}.Release|Any CPU.ActiveCfg = Release|Any CPU
		{276AE30B-2747-40BA-828D-61142BB5FB0B}.Release|Any CPU.Build.0 = Release|Any CPU
		{97C5291A-FD0B-4182-BA68-4FC405B49DEE}.Debug|Any CPU.ActiveCfg = Debug|Any CPU
		{97C5291A-FD0B-4182-BA68-4FC405B49DEE}.Debug|Any CPU.Build.0 = Debug|Any CPU
		{97C5291A-FD0B-4182-BA68-4FC405B49DEE}.Release|Any CPU.ActiveCfg = Release|Any CPU
		{97C5291A-FD0B-4182-BA68-4FC405B49DEE}.Release|Any CPU.Build.0 = Release|Any CPU
	EndGlobalSection
	GlobalSection(SolutionProperties) = preSolution
		HideSolutionNode = FALSE
	EndGlobalSection
	GlobalSection(ExtensibilityGlobals) = postSolution
		SolutionGuid = {CC9E7EFC-C9B8-458A-8BF7-9784B4A5FB59}
	EndGlobalSection
EndGlobal
