
Microsoft Visual Studio Solution File, Format Version 12.00
# Visual Studio 15
VisualStudioVersion = 15.0.27130.2020
MinimumVisualStudioVersion = 10.0.40219.1
Project("{FAE04EC0-301F-11D3-BF4B-00C04F79EFBC}") = "01. Raindrops", "01. Raindrops\01. Raindrops.csproj", "{8AB85B1F-9E7B-4D8A-A542-FB04D46F4D65}"
EndProject
Project("{FAE04EC0-301F-11D3-BF4B-00C04F79EFBC}") = "03. Raincast", "03. Raincast\03. Raincast.csproj", "{9D68DD40-C070-4527-9D2A-8C27397594D2}"
EndProject
Project("{FAE04EC0-301F-11D3-BF4B-00C04F79EFBC}") = "02.Icarus", "02.Icarus\02.Icarus.csproj", "{447453F2-7205-476C-8AF9-84C84B088E7B}"
EndProject
Global
	GlobalSection(SolutionConfigurationPlatforms) = preSolution
		Debug|Any CPU = Debug|Any CPU
		Release|Any CPU = Release|Any CPU
	EndGlobalSection
	GlobalSection(ProjectConfigurationPlatforms) = postSolution
		{8AB85B1F-9E7B-4D8A-A542-FB04D46F4D65}.Debug|Any CPU.ActiveCfg = Debug|Any CPU
		{8AB85B1F-9E7B-4D8A-A542-FB04D46F4D65}.Debug|Any CPU.Build.0 = Debug|Any CPU
		{8AB85B1F-9E7B-4D8A-A542-FB04D46F4D65}.Release|Any CPU.ActiveCfg = Release|Any CPU
		{8AB85B1F-9E7B-4D8A-A542-FB04D46F4D65}.Release|Any CPU.Build.0 = Release|Any CPU
		{9D68DD40-C070-4527-9D2A-8C27397594D2}.Debug|Any CPU.ActiveCfg = Debug|Any CPU
		{9D68DD40-C070-4527-9D2A-8C27397594D2}.Debug|Any CPU.Build.0 = Debug|Any CPU
		{9D68DD40-C070-4527-9D2A-8C27397594D2}.Release|Any CPU.ActiveCfg = Release|Any CPU
		{9D68DD40-C070-4527-9D2A-8C27397594D2}.Release|Any CPU.Build.0 = Release|Any CPU
		{447453F2-7205-476C-8AF9-84C84B088E7B}.Debug|Any CPU.ActiveCfg = Debug|Any CPU
		{447453F2-7205-476C-8AF9-84C84B088E7B}.Debug|Any CPU.Build.0 = Debug|Any CPU
		{447453F2-7205-476C-8AF9-84C84B088E7B}.Release|Any CPU.ActiveCfg = Release|Any CPU
		{447453F2-7205-476C-8AF9-84C84B088E7B}.Release|Any CPU.Build.0 = Release|Any CPU
	EndGlobalSection
	GlobalSection(SolutionProperties) = preSolution
		HideSolutionNode = FALSE
	EndGlobalSection
	GlobalSection(ExtensibilityGlobals) = postSolution
		SolutionGuid = {B5F56682-DB59-44F4-93B5-535F0AFD3D3C}
	EndGlobalSection
EndGlobal
